
Microsoft Visual Studio Solution File, Format Version 12.00
# Visual Studio Version 17
VisualStudioVersion = 17.9.34728.123
MinimumVisualStudioVersion = 10.0.40219.1
Project("{FAE04EC0-301F-11D3-BF4B-00C04F79EFBC}") = "wppReservations", "wppReservations\wppReservations.csproj", "{8995395A-1B96-43A4-8708-4BBDA297834E}"
EndProject
Global
	GlobalSection(SolutionConfigurationPlatforms) = preSolution
		Debug|Any CPU = Debug|Any CPU
		Release|Any CPU = Release|Any CPU
	EndGlobalSection
	GlobalSection(ProjectConfigurationPlatforms) = postSolution
		{8995395A-1B96-43A4-8708-4BBDA297834E}.Debug|Any CPU.ActiveCfg = Debug|Any CPU
		{8995395A-1B96-43A4-8708-4BBDA297834E}.Debug|Any CPU.Build.0 = Debug|Any CPU
		{8995395A-1B96-43A4-8708-4BBDA297834E}.Release|Any CPU.ActiveCfg = Release|Any CPU
		{8995395A-1B96-43A4-8708-4BBDA297834E}.Release|Any CPU.Build.0 = Release|Any CPU
	EndGlobalSection
	GlobalSection(SolutionProperties) = preSolution
		HideSolutionNode = FALSE
	EndGlobalSection
	GlobalSection(ExtensibilityGlobals) = postSolution
		SolutionGuid = {F5366200-7F03-41DD-8488-CFD10B206022}
	EndGlobalSection
EndGlobal
